
Microsoft Visual Studio Solution File, Format Version 12.00
# Visual Studio Version 17
VisualStudioVersion = 17.14.36518.9 d17.14
MinimumVisualStudioVersion = 10.0.40219.1
Project("{8BC9CEB8-8B4A-11D0-8D11-00A0C91BC942}") = "ReactorHttp-Cpp", "ReactorHttp-Cpp\ReactorHttp-Cpp.vcxproj", "{A252BDFE-9CFC-4361-AB32-DD9CA22BD733}"
EndProject
Global
	GlobalSection(SolutionConfigurationPlatforms) = preSolution
		Debug|ARM = Debug|ARM
		Debug|ARM64 = Debug|ARM64
		Debug|x64 = Debug|x64
		Debug|x86 = Debug|x86
		Release|ARM = Release|ARM
		Release|ARM64 = Release|ARM64
		Release|x64 = Release|x64
		Release|x86 = Release|x86
	EndGlobalSection
	GlobalSection(ProjectConfigurationPlatforms) = postSolution
		{A252BDFE-9CFC-4361-AB32-DD9CA22BD733}.Debug|ARM.ActiveCfg = Debug|ARM
		{A252BDFE-9CFC-4361-AB32-DD9CA22BD733}.Debug|ARM.Build.0 = Debug|ARM
		{A252BDFE-9CFC-4361-AB32-DD9CA22BD733}.Debug|ARM.Deploy.0 = Debug|ARM
		{A252BDFE-9CFC-4361-AB32-DD9CA22BD733}.Debug|ARM64.ActiveCfg = Debug|ARM64
		{A252BDFE-9CFC-4361-AB32-DD9CA22BD733}.Debug|ARM64.Build.0 = Debug|ARM64
		{A252BDFE-9CFC-4361-AB32-DD9CA22BD733}.Debug|ARM64.Deploy.0 = Debug|ARM64
		{A252BDFE-9CFC-4361-AB32-DD9CA22BD733}.Debug|x64.ActiveCfg = Debug|x64
		{A252BDFE-9CFC-4361-AB32-DD9CA22BD733}.Debug|x64.Build.0 = Debug|x64
		{A252BDFE-9CFC-4361-AB32-DD9CA22BD733}.Debug|x64.Deploy.0 = Debug|x64
		{A252BDFE-9CFC-4361-AB32-DD9CA22BD733}.Debug|x86.ActiveCfg = Debug|x86
		{A252BDFE-9CFC-4361-AB32-DD9CA22BD733}.Debug|x86.Build.0 = Debug|x86
		{A252BDFE-9CFC-4361-AB32-DD9CA22BD733}.Debug|x86.Deploy.0 = Debug|x86
		{A252BDFE-9CFC-4361-AB32-DD9CA22BD733}.Release|ARM.ActiveCfg = Release|ARM
		{A252BDFE-9CFC-4361-AB32-DD9CA22BD733}.Release|ARM.Build.0 = Release|ARM
		{A252BDFE-9CFC-4361-AB32-DD9CA22BD733}.Release|ARM.Deploy.0 = Release|ARM
		{A252BDFE-9CFC-4361-AB32-DD9CA22BD733}.Release|ARM64.ActiveCfg = Release|ARM64
		{A252BDFE-9CFC-4361-AB32-DD9CA22BD733}.Release|ARM64.Build.0 = Release|ARM64
		{A252BDFE-9CFC-4361-AB32-DD9CA22BD733}.Release|ARM64.Deploy.0 = Release|ARM64
		{A252BDFE-9CFC-4361-AB32-DD9CA22BD733}.Release|x64.ActiveCfg = Release|x64
		{A252BDFE-9CFC-4361-AB32-DD9CA22BD733}.Release|x64.Build.0 = Release|x64
		{A252BDFE-9CFC-4361-AB32-DD9CA22BD733}.Release|x64.Deploy.0 = Release|x64
		{A252BDFE-9CFC-4361-AB32-DD9CA22BD733}.Release|x86.ActiveCfg = Release|x86
		{A252BDFE-9CFC-4361-AB32-DD9CA22BD733}.Release|x86.Build.0 = Release|x86
		{A252BDFE-9CFC-4361-AB32-DD9CA22BD733}.Release|x86.Deploy.0 = Release|x86
	EndGlobalSection
	GlobalSection(SolutionProperties) = preSolution
		HideSolutionNode = FALSE
	EndGlobalSection
	GlobalSection(ExtensibilityGlobals) = postSolution
		SolutionGuid = {86484440-2F0A-48CE-A95B-84682B889AC5}
	EndGlobalSection
EndGlobal
