
Microsoft Visual Studio Solution File, Format Version 12.00
# Visual Studio Version 17
VisualStudioVersion = 17.8.34408.163
MinimumVisualStudioVersion = 10.0.40219.1
Project("{8BC9CEB8-8B4A-11D0-8D11-00A0C91BC942}") = "Landlords", "Landlords\Landlords.vcxproj", "{7F113033-AE54-483C-9DFD-15D5DABF364E}"
EndProject
Global
	GlobalSection(SolutionConfigurationPlatforms) = preSolution
		Debug|x86 = Debug|x86
		Release|x86 = Release|x86
	EndGlobalSection
	GlobalSection(ProjectConfigurationPlatforms) = postSolution
		{7F113033-AE54-483C-9DFD-15D5DABF364E}.Debug|x86.ActiveCfg = Debug|Win32
		{7F113033-AE54-483C-9DFD-15D5DABF364E}.Debug|x86.Build.0 = Debug|Win32
		{7F113033-AE54-483C-9DFD-15D5DABF364E}.Release|x86.ActiveCfg = Release|Win32
		{7F113033-AE54-483C-9DFD-15D5DABF364E}.Release|x86.Build.0 = Release|Win32
	EndGlobalSection
	GlobalSection(SolutionProperties) = preSolution
		HideSolutionNode = FALSE
	EndGlobalSection
	GlobalSection(ExtensibilityGlobals) = postSolution
		SolutionGuid = {B1065B8B-9347-49AF-A32D-EB63C1C5C3E9}
	EndGlobalSection
EndGlobal
